<?xml version="1.0" encoding="utf-8"?>
<Project ToolsVersion="4.0" xmlns="http://schemas.microsoft.com/developer/msbuild/2003">
  <ItemGroup>
    <Filter Include="Í¼×ÊÔ´¹ÜÀí">
      <UniqueIdentifier>{a6841ce2-dac3-4f68-aadc-e3b2088c2355}</UniqueIdentifier>
    </Filter>
    <Filter Include="¶ÔÍâ½Ó¿ÚÊµÏÖ">
      <UniqueIdentifier>{82633db3-7d55-4df3-886d-7045ab8fdcbb}</UniqueIdentifier>
    </Filter>
    <Filter Include="Font">
      <UniqueIdentifier>{361dcc98-e0aa-40f8-8d3b-8eb49062b49b}</UniqueIdentifier>
    </Filter>
    <Filter Include="Í¼ĐÎ²Ù×÷">
      <UniqueIdentifier>{c690fd06-3824-4322-82c2-133f97262ae1}</UniqueIdentifier>
    </Filter>
    <Filter Include="Lib">
      <UniqueIdentifier>{b8e8e3bd-9c98-4cb6-a53f-f18d1c0beec7}</UniqueIdentifier>
    </Filter>
    <Filter Include="Lib\Debug">
      <UniqueIdentifier>{b94ffba7-e98a-40eb-9724-1ab36b8b4e75}</UniqueIdentifier>
    </Filter>
    <Filter Include="Lib\Release">
      <UniqueIdentifier>{bc571ca6-6bf6-421e-8675-78fa5d81e0f8}</UniqueIdentifier>
    </Filter>
  </ItemGroup>
  <ItemGroup>
    <ClCompile Include="KImageStore2.cpp">
      <Filter>Í¼×ÊÔ´¹ÜÀí</Filter>
    </ClCompile>
    <ClCompile Include="..\iRepresent\RepresentUtility.cpp">
      <Filter>Í¼×ÊÔ´¹ÜÀí</Filter>
    </ClCompile>
    <ClCompile Include="KRepresentShell2.cpp">
      <Filter>¶ÔÍâ½Ó¿ÚÊµÏÖ</Filter>
    </ClCompile>
    <ClCompile Include="..\iRepresent\Font\KFont2.cpp">
      <Filter>Font</Filter>
    </ClCompile>
    <ClCompile Include="..\iRepresent\Font\KFontData.cpp">
      <Filter>Font</Filter>
    </ClCompile>
    <ClCompile Include="..\iRepresent\Text\TextProcess.cpp">
      <Filter>Font</Filter>
    </ClCompile>
    <ClCompile Include="..\iRepresent\Image\ImageOperation.cpp">
      <Filter>Í¼ĐÎ²Ù×÷</Filter>
    </ClCompile>
  </ItemGroup>
  <ItemGroup>
    <ClInclude Include="KImageStore2.h">
      <Filter>Í¼×ÊÔ´¹ÜÀí</Filter>
    </ClInclude>
    <ClInclude Include="..\iRepresent\iRepresentShell.h">
      <Filter>¶ÔÍâ½Ó¿ÚÊµÏÖ</Filter>
    </ClInclude>
    <ClInclude Include="KRepresentShell2.h">
      <Filter>¶ÔÍâ½Ó¿ÚÊµÏÖ</Filter>
    </ClInclude>
    <ClInclude Include="..\iRepresent\Text\TextProcess.h">
      <Filter>Font</Filter>
    </ClInclude>
    <ClInclude Include="..\iRepresent\Image\ImageOperation.h">
      <Filter>Í¼ĐÎ²Ù×÷</Filter>
    </ClInclude>
    <ClInclude Include="..\iRepresent\RepresentUtility.h" />
  </ItemGroup>
  <ItemGroup>
    <Library Include="..\..\..\Lib\debug\engine.lib">
      <Filter>Lib\Debug</Filter>
    </Library>
    <Library Include="..\..\..\Lib\release\engine.lib">
      <Filter>Lib\Release</Filter>
    </Library>
  </ItemGroup>
</Project>