<?xml version="1.0" encoding="utf-8"?>
<Project ToolsVersion="4.0" xmlns="http://schemas.microsoft.com/developer/msbuild/2003">
  <ItemGroup>
    <Filter Include="Source Files">
      <UniqueIdentifier>{7a59c179-9c5b-48a6-9f15-390bb9509c25}</UniqueIdentifier>
      <Extensions>cpp;c;cxx;rc;def;r;odl;idl;hpj;bat</Extensions>
    </Filter>
    <Filter Include="Header Files">
      <UniqueIdentifier>{d4840c93-e32e-41ab-847c-2e5873350dc7}</UniqueIdentifier>
      <Extensions>h;hpp;hxx;hm;inl</Extensions>
    </Filter>
  </ItemGroup>
  <ItemGroup>
    <ClCompile Include="..\ExpandPackage2.0\BlockSource.cpp">
      <Filter>Source Files</Filter>
    </ClCompile>
    <ClCompile Include="..\ExpandPackage2.0\DataPointFromStream.cpp">
      <Filter>Source Files</Filter>
    </ClCompile>
    <ClCompile Include="..\ExpandPackage2.0\DataSource.cpp">
      <Filter>Source Files</Filter>
    </ClCompile>
    <ClCompile Include="..\ExpandPackage2.0\ExpandPackage.cpp">
      <Filter>Source Files</Filter>
    </ClCompile>
    <ClCompile Include="..\ExpandPackage2.0\Interval.cpp">
      <Filter>Source Files</Filter>
    </ClCompile>
    <ClCompile Include="..\ExpandPackage2.0\Package.cpp">
      <Filter>Source Files</Filter>
    </ClCompile>
    <ClCompile Include="..\ExpandPackage2.0\PackageFileHead.cpp">
      <Filter>Source Files</Filter>
    </ClCompile>
    <ClCompile Include="..\ExpandPackage2.0\StdAfx.cpp">
      <Filter>Source Files</Filter>
    </ClCompile>
  </ItemGroup>
  <ItemGroup>
    <ClInclude Include="..\ExpandPackage2.0\BlockSource.h">
      <Filter>Header Files</Filter>
    </ClInclude>
    <ClInclude Include="..\ExpandPackage2.0\DataPointFromStream.h">
      <Filter>Header Files</Filter>
    </ClInclude>
    <ClInclude Include="..\ExpandPackage2.0\DataSource.h">
      <Filter>Header Files</Filter>
    </ClInclude>
    <ClInclude Include="..\ExpandPackage2.0\Interval.h">
      <Filter>Header Files</Filter>
    </ClInclude>
    <ClInclude Include="..\ExpandPackage2.0\Package.h">
      <Filter>Header Files</Filter>
    </ClInclude>
    <ClInclude Include="..\ExpandPackage2.0\PackageFileHead.h">
      <Filter>Header Files</Filter>
    </ClInclude>
    <ClInclude Include="..\ExpandPackage2.0\StdAfx.h">
      <Filter>Header Files</Filter>
    </ClInclude>
  </ItemGroup>
</Project>