<?xml version="1.0" encoding="utf-8"?>
<Project ToolsVersion="4.0" xmlns="http://schemas.microsoft.com/developer/msbuild/2003">
  <ItemGroup>
    <Filter Include="DLL Source Files">
      <UniqueIdentifier>{e4773b83-f54c-44e2-981c-1ac521c54634}</UniqueIdentifier>
      <Extensions>cpp;c;cxx;rc;def;r;odl;idl;hpj;bat</Extensions>
    </Filter>
    <Filter Include="DLL Header Files">
      <UniqueIdentifier>{b84cdeb1-b0a7-4647-8525-6e5cfb08c5df}</UniqueIdentifier>
      <Extensions>h;hpp;hxx;hm;inl</Extensions>
    </Filter>
    <Filter Include="IOCPServer">
      <UniqueIdentifier>{a5782220-69ad-41c1-a745-cdb46ab13263}</UniqueIdentifier>
    </Filter>
    <Filter Include="IOCPServer\Source Files">
      <UniqueIdentifier>{57ad712a-2d0b-45d6-82d1-5c01a4aba9cf}</UniqueIdentifier>
    </Filter>
    <Filter Include="IOCPServer\Header Files">
      <UniqueIdentifier>{20444460-143b-4bad-ac8b-136337d665b8}</UniqueIdentifier>
    </Filter>
    <Filter Include="Interface">
      <UniqueIdentifier>{1147f36a-2965-4a90-8e8d-a3e31a02e486}</UniqueIdentifier>
    </Filter>
    <Filter Include="Lib">
      <UniqueIdentifier>{7cfe306e-734f-4c9a-80b6-8c3e8946cdce}</UniqueIdentifier>
    </Filter>
    <Filter Include="Lib\Debug">
      <UniqueIdentifier>{53729278-b049-4573-9f1c-22ab2e3208fd}</UniqueIdentifier>
    </Filter>
    <Filter Include="Lib\Release">
      <UniqueIdentifier>{bcfcacf3-c127-466f-a1e3-5516515f5c0e}</UniqueIdentifier>
    </Filter>
    <Filter Include="Resource Files">
      <UniqueIdentifier>{0369b1b9-7e78-46b9-a835-51114ff5ff8e}</UniqueIdentifier>
      <Extensions>ico;cur;bmp;dlg;rc2;rct;bin;rgs;gif;jpg;jpeg;jpe</Extensions>
    </Filter>
  </ItemGroup>
  <ItemGroup>
    <ClCompile Include="Heaven.cpp">
      <Filter>DLL Source Files</Filter>
    </ClCompile>
    <ClCompile Include="IServer.cpp">
      <Filter>DLL Source Files</Filter>
    </ClCompile>
    <ClCompile Include="ServerStage.cpp">
      <Filter>IOCPServer\Source Files</Filter>
    </ClCompile>
  </ItemGroup>
  <ItemGroup>
    <ClInclude Include="ServerStage.h">
      <Filter>IOCPServer\Header Files</Filter>
    </ClInclude>
    <ClInclude Include="Interface\HeavenInterface.h">
      <Filter>Interface</Filter>
    </ClInclude>
    <ClInclude Include="Interface\IServer.h">
      <Filter>Interface</Filter>
    </ClInclude>
  </ItemGroup>
  <ItemGroup>
    <Library Include="..\..\..\Lib\debug\common.lib">
      <Filter>Lib\Debug</Filter>
    </Library>
    <Library Include="..\..\..\Lib\release\common.lib">
      <Filter>Lib\Release</Filter>
    </Library>
  </ItemGroup>
  <ItemGroup>
    <CustomBuild Include="Heaven.def">
      <Filter>DLL Header Files</Filter>
    </CustomBuild>
    <CustomBuild Include="Interface.txt" />
  </ItemGroup>
</Project>