
Microsoft Visual Studio Solution File, Format Version 12.00
# Visual Studio Version 17
VisualStudioVersion = 17.8.34330.188
MinimumVisualStudioVersion = 10.0.40219.1
Project("{8BC9CEB8-8B4A-11D0-8D11-00A0C91BC942}") = "Common", "MultiServer\Common\Common.vcxproj", "{6248EDB9-46E9-BEFA-7C2E-4069300EDE20}"
EndProject
Project("{8BC9CEB8-8B4A-11D0-8D11-00A0C91BC942}") = "Bishop", "MultiServer\Bishop\Bishop.vcxproj", "{B697C402-667F-5BCC-E459-156F0C8F6125}"
EndProject
Project("{8BC9CEB8-8B4A-11D0-8D11-00A0C91BC942}") = "Core", "Core\Core.vcxproj", "{5FE1CA1B-F4FB-AA57-F5E6-891ED8922F91}"
EndProject
Project("{8BC9CEB8-8B4A-11D0-8D11-00A0C91BC942}") = "Engine", "Engine\Engine.vcxproj", "{9B4C4669-F0E7-FE2C-EFA5-66CAAB4FFB57}"
EndProject
Project("{8BC9CEB8-8B4A-11D0-8D11-00A0C91BC942}") = "ExpandPackage", "ExpandPackage2.0\ExpandPackage.vcxproj", "{3ED41B83-3996-54D3-26AC-90CACF83096C}"
EndProject
Project("{8BC9CEB8-8B4A-11D0-8D11-00A0C91BC942}") = "ExpandPackageStaticLib", "ExpandPackageStaticLib\ExpandPackageStaticLib.vcxproj", "{978BD0CB-41D2-8175-D777-CC0EE40C034E}"
EndProject
Project("{8BC9CEB8-8B4A-11D0-8D11-00A0C91BC942}") = "FilterText", "FilterText\FilterText.vcxproj", "{A56AA665-9AE6-A286-795C-5D59855D95A0}"
EndProject
Project("{8BC9CEB8-8B4A-11D0-8D11-00A0C91BC942}") = "FilterText_StaticLib", "FilterText\FilterText_StaticLib.vcxproj", "{B5AB24A6-A4CC-D4FB-01DC-AB4203748C37}"
EndProject
Project("{8BC9CEB8-8B4A-11D0-8D11-00A0C91BC942}") = "GameServer", "MultiServer\GameServer\GameServer.vcxproj", "{AC0549EF-9B7F-2DFB-7553-9928BFF11EAA}"
EndProject
Project("{8BC9CEB8-8B4A-11D0-8D11-00A0C91BC942}") = "Goddess", "MultiServer\Goddess\Goddess.vcxproj", "{E673C82E-ECBE-1ADA-F51A-05631F772A69}"
EndProject
Project("{8BC9CEB8-8B4A-11D0-8D11-00A0C91BC942}") = "Heaven", "MultiServer\Heaven\Heaven.vcxproj", "{4E47DE6C-A6E1-1DEC-25E8-338808316FFB}"
EndProject
Project("{8BC9CEB8-8B4A-11D0-8D11-00A0C91BC942}") = "LuaLibDll", "Library\LuaLib\LuaLibDll.vcxproj", "{FCB5799E-D6F2-E39D-C0A5-88DC5787835C}"
EndProject
Project("{8BC9CEB8-8B4A-11D0-8D11-00A0C91BC942}") = "Rainbow", "MultiServer\Rainbow\Rainbow.vcxproj", "{BBECDB85-36D4-18A4-97E1-A155A85F0D7F}"
EndProject
Project("{8BC9CEB8-8B4A-11D0-8D11-00A0C91BC942}") = "Represent2", "Represent\Represent2\Represent2.vcxproj", "{13D06A2E-74D9-2608-B014-1570EB656C30}"
EndProject
Project("{8BC9CEB8-8B4A-11D0-8D11-00A0C91BC942}") = "Represent3", "Represent\Represent3\Represent3.vcxproj", "{59BC6174-DF03-30CF-EDB2-C66D86510E55}"
EndProject
Project("{8BC9CEB8-8B4A-11D0-8D11-00A0C91BC942}") = "Game", "S3Client\S3Client.vcxproj", "{1CC2C808-7B4B-005C-2C06-D26FCD918B79}"
EndProject
Project("{8BC9CEB8-8B4A-11D0-8D11-00A0C91BC942}") = "S3Relay", "MultiServer\S3Relay\S3Relay.vcxproj", "{A27D6D86-FBD5-1992-0ABC-0675DA76CFBE}"
EndProject
Project("{8BC9CEB8-8B4A-11D0-8D11-00A0C91BC942}") = "S3RelayServer", "Sword3PaySys\S3RELAYSERVER\S3RelayServer.vcxproj", "{3DDAFF39-A3A8-441A-D465-EEBE704578AF}"
EndProject
Project("{8BC9CEB8-8B4A-11D0-8D11-00A0C91BC942}") = "Sword3PaySys", "Sword3PaySys\S3AccServer\Sword3PaySys.vcxproj", "{2661963B-4729-681D-FA7A-40A1B852C284}"
EndProject
Project("{8BC9CEB8-8B4A-11D0-8D11-00A0C91BC942}") = "JpgLib", "JpgLib\JpgLib.vcxproj", "{59AF45D8-C50A-43B3-99AA-F4525ED1A4FC}"
EndProject
Project("{8BC9CEB8-8B4A-11D0-8D11-00A0C91BC942}") = "KMp3LibClass", "KMp3LibClass\KMp3LibClass.vcxproj", "{4BA013A1-2FCF-49D5-9E6A-7D6F62C59B6B}"
EndProject
Global
	GlobalSection(SolutionConfigurationPlatforms) = preSolution
		Client Debug|Win32 = Client Debug|Win32
		Client Release|Win32 = Client Release|Win32
		Debug|Win32 = Debug|Win32
		OuRead Release|Win32 = OuRead Release|Win32
		OutRead Debug|Win32 = OutRead Debug|Win32
		Release|Win32 = Release|Win32
		Server Debug|Win32 = Server Debug|Win32
		Server Release|Win32 = Server Release|Win32
		Template|Win32 = Template|Win32
	EndGlobalSection
	GlobalSection(ProjectConfigurationPlatforms) = postSolution
		{6248EDB9-46E9-BEFA-7C2E-4069300EDE20}.Client Debug|Win32.ActiveCfg = Debug|Win32
		{6248EDB9-46E9-BEFA-7C2E-4069300EDE20}.Client Debug|Win32.Build.0 = Debug|Win32
		{6248EDB9-46E9-BEFA-7C2E-4069300EDE20}.Client Release|Win32.ActiveCfg = Release|Win32
		{6248EDB9-46E9-BEFA-7C2E-4069300EDE20}.Client Release|Win32.Build.0 = Release|Win32
		{6248EDB9-46E9-BEFA-7C2E-4069300EDE20}.Debug|Win32.ActiveCfg = Debug|Win32
		{6248EDB9-46E9-BEFA-7C2E-4069300EDE20}.Debug|Win32.Build.0 = Debug|Win32
		{6248EDB9-46E9-BEFA-7C2E-4069300EDE20}.OuRead Release|Win32.ActiveCfg = Release|Win32
		{6248EDB9-46E9-BEFA-7C2E-4069300EDE20}.OuRead Release|Win32.Build.0 = Release|Win32
		{6248EDB9-46E9-BEFA-7C2E-4069300EDE20}.OutRead Debug|Win32.ActiveCfg = Debug|Win32
		{6248EDB9-46E9-BEFA-7C2E-4069300EDE20}.OutRead Debug|Win32.Build.0 = Debug|Win32
		{6248EDB9-46E9-BEFA-7C2E-4069300EDE20}.Release|Win32.ActiveCfg = Release|Win32
		{6248EDB9-46E9-BEFA-7C2E-4069300EDE20}.Release|Win32.Build.0 = Release|Win32
		{6248EDB9-46E9-BEFA-7C2E-4069300EDE20}.Server Debug|Win32.ActiveCfg = Debug|Win32
		{6248EDB9-46E9-BEFA-7C2E-4069300EDE20}.Server Debug|Win32.Build.0 = Debug|Win32
		{6248EDB9-46E9-BEFA-7C2E-4069300EDE20}.Server Release|Win32.ActiveCfg = Release|Win32
		{6248EDB9-46E9-BEFA-7C2E-4069300EDE20}.Server Release|Win32.Build.0 = Release|Win32
		{6248EDB9-46E9-BEFA-7C2E-4069300EDE20}.Template|Win32.ActiveCfg = Release|Win32
		{6248EDB9-46E9-BEFA-7C2E-4069300EDE20}.Template|Win32.Build.0 = Release|Win32
		{B697C402-667F-5BCC-E459-156F0C8F6125}.Client Debug|Win32.ActiveCfg = Debug|Win32
		{B697C402-667F-5BCC-E459-156F0C8F6125}.Client Debug|Win32.Build.0 = Debug|Win32
		{B697C402-667F-5BCC-E459-156F0C8F6125}.Client Release|Win32.ActiveCfg = Release|Win32
		{B697C402-667F-5BCC-E459-156F0C8F6125}.Client Release|Win32.Build.0 = Release|Win32
		{B697C402-667F-5BCC-E459-156F0C8F6125}.Debug|Win32.ActiveCfg = Debug|Win32
		{B697C402-667F-5BCC-E459-156F0C8F6125}.Debug|Win32.Build.0 = Debug|Win32
		{B697C402-667F-5BCC-E459-156F0C8F6125}.OuRead Release|Win32.ActiveCfg = Release|Win32
		{B697C402-667F-5BCC-E459-156F0C8F6125}.OuRead Release|Win32.Build.0 = Release|Win32
		{B697C402-667F-5BCC-E459-156F0C8F6125}.OutRead Debug|Win32.ActiveCfg = Debug|Win32
		{B697C402-667F-5BCC-E459-156F0C8F6125}.OutRead Debug|Win32.Build.0 = Debug|Win32
		{B697C402-667F-5BCC-E459-156F0C8F6125}.Release|Win32.ActiveCfg = Release|Win32
		{B697C402-667F-5BCC-E459-156F0C8F6125}.Release|Win32.Build.0 = Release|Win32
		{B697C402-667F-5BCC-E459-156F0C8F6125}.Server Debug|Win32.ActiveCfg = Debug|Win32
		{B697C402-667F-5BCC-E459-156F0C8F6125}.Server Debug|Win32.Build.0 = Debug|Win32
		{B697C402-667F-5BCC-E459-156F0C8F6125}.Server Release|Win32.ActiveCfg = Release|Win32
		{B697C402-667F-5BCC-E459-156F0C8F6125}.Server Release|Win32.Build.0 = Release|Win32
		{B697C402-667F-5BCC-E459-156F0C8F6125}.Template|Win32.ActiveCfg = Template|Win32
		{B697C402-667F-5BCC-E459-156F0C8F6125}.Template|Win32.Build.0 = Template|Win32
		{5FE1CA1B-F4FB-AA57-F5E6-891ED8922F91}.Client Debug|Win32.ActiveCfg = Client Debug|Win32
		{5FE1CA1B-F4FB-AA57-F5E6-891ED8922F91}.Client Debug|Win32.Build.0 = Client Debug|Win32
		{5FE1CA1B-F4FB-AA57-F5E6-891ED8922F91}.Client Release|Win32.ActiveCfg = Client Release|Win32
		{5FE1CA1B-F4FB-AA57-F5E6-891ED8922F91}.Client Release|Win32.Build.0 = Client Release|Win32
		{5FE1CA1B-F4FB-AA57-F5E6-891ED8922F91}.Debug|Win32.ActiveCfg = Server Debug|Win32
		{5FE1CA1B-F4FB-AA57-F5E6-891ED8922F91}.Debug|Win32.Build.0 = Server Debug|Win32
		{5FE1CA1B-F4FB-AA57-F5E6-891ED8922F91}.OuRead Release|Win32.ActiveCfg = Template|Win32
		{5FE1CA1B-F4FB-AA57-F5E6-891ED8922F91}.OuRead Release|Win32.Build.0 = Template|Win32
		{5FE1CA1B-F4FB-AA57-F5E6-891ED8922F91}.OutRead Debug|Win32.ActiveCfg = Template|Win32
		{5FE1CA1B-F4FB-AA57-F5E6-891ED8922F91}.OutRead Debug|Win32.Build.0 = Template|Win32
		{5FE1CA1B-F4FB-AA57-F5E6-891ED8922F91}.Release|Win32.ActiveCfg = Server Release|Win32
		{5FE1CA1B-F4FB-AA57-F5E6-891ED8922F91}.Release|Win32.Build.0 = Server Release|Win32
		{5FE1CA1B-F4FB-AA57-F5E6-891ED8922F91}.Server Debug|Win32.ActiveCfg = Server Debug|Win32
		{5FE1CA1B-F4FB-AA57-F5E6-891ED8922F91}.Server Debug|Win32.Build.0 = Server Debug|Win32
		{5FE1CA1B-F4FB-AA57-F5E6-891ED8922F91}.Server Release|Win32.ActiveCfg = Server Release|Win32
		{5FE1CA1B-F4FB-AA57-F5E6-891ED8922F91}.Server Release|Win32.Build.0 = Server Release|Win32
		{5FE1CA1B-F4FB-AA57-F5E6-891ED8922F91}.Template|Win32.ActiveCfg = Template|Win32
		{5FE1CA1B-F4FB-AA57-F5E6-891ED8922F91}.Template|Win32.Build.0 = Template|Win32
		{9B4C4669-F0E7-FE2C-EFA5-66CAAB4FFB57}.Client Debug|Win32.ActiveCfg = Debug|Win32
		{9B4C4669-F0E7-FE2C-EFA5-66CAAB4FFB57}.Client Debug|Win32.Build.0 = Debug|Win32
		{9B4C4669-F0E7-FE2C-EFA5-66CAAB4FFB57}.Client Release|Win32.ActiveCfg = Release|Win32
		{9B4C4669-F0E7-FE2C-EFA5-66CAAB4FFB57}.Client Release|Win32.Build.0 = Release|Win32
		{9B4C4669-F0E7-FE2C-EFA5-66CAAB4FFB57}.Debug|Win32.ActiveCfg = Debug|Win32
		{9B4C4669-F0E7-FE2C-EFA5-66CAAB4FFB57}.Debug|Win32.Build.0 = Debug|Win32
		{9B4C4669-F0E7-FE2C-EFA5-66CAAB4FFB57}.OuRead Release|Win32.ActiveCfg = OuRead Release|Win32
		{9B4C4669-F0E7-FE2C-EFA5-66CAAB4FFB57}.OuRead Release|Win32.Build.0 = OuRead Release|Win32
		{9B4C4669-F0E7-FE2C-EFA5-66CAAB4FFB57}.OutRead Debug|Win32.ActiveCfg = OutRead Debug|Win32
		{9B4C4669-F0E7-FE2C-EFA5-66CAAB4FFB57}.OutRead Debug|Win32.Build.0 = OutRead Debug|Win32
		{9B4C4669-F0E7-FE2C-EFA5-66CAAB4FFB57}.Release|Win32.ActiveCfg = Release|Win32
		{9B4C4669-F0E7-FE2C-EFA5-66CAAB4FFB57}.Release|Win32.Build.0 = Release|Win32
		{9B4C4669-F0E7-FE2C-EFA5-66CAAB4FFB57}.Server Debug|Win32.ActiveCfg = Debug|Win32
		{9B4C4669-F0E7-FE2C-EFA5-66CAAB4FFB57}.Server Debug|Win32.Build.0 = Debug|Win32
		{9B4C4669-F0E7-FE2C-EFA5-66CAAB4FFB57}.Server Release|Win32.ActiveCfg = Release|Win32
		{9B4C4669-F0E7-FE2C-EFA5-66CAAB4FFB57}.Server Release|Win32.Build.0 = Release|Win32
		{9B4C4669-F0E7-FE2C-EFA5-66CAAB4FFB57}.Template|Win32.ActiveCfg = Template|Win32
		{9B4C4669-F0E7-FE2C-EFA5-66CAAB4FFB57}.Template|Win32.Build.0 = Template|Win32
		{3ED41B83-3996-54D3-26AC-90CACF83096C}.Client Debug|Win32.ActiveCfg = Debug|Win32
		{3ED41B83-3996-54D3-26AC-90CACF83096C}.Client Debug|Win32.Build.0 = Debug|Win32
		{3ED41B83-3996-54D3-26AC-90CACF83096C}.Client Release|Win32.ActiveCfg = Release|Win32
		{3ED41B83-3996-54D3-26AC-90CACF83096C}.Client Release|Win32.Build.0 = Release|Win32
		{3ED41B83-3996-54D3-26AC-90CACF83096C}.Debug|Win32.ActiveCfg = Debug|Win32
		{3ED41B83-3996-54D3-26AC-90CACF83096C}.Debug|Win32.Build.0 = Debug|Win32
		{3ED41B83-3996-54D3-26AC-90CACF83096C}.OuRead Release|Win32.ActiveCfg = Release|Win32
		{3ED41B83-3996-54D3-26AC-90CACF83096C}.OuRead Release|Win32.Build.0 = Release|Win32
		{3ED41B83-3996-54D3-26AC-90CACF83096C}.OutRead Debug|Win32.ActiveCfg = Debug|Win32
		{3ED41B83-3996-54D3-26AC-90CACF83096C}.OutRead Debug|Win32.Build.0 = Debug|Win32
		{3ED41B83-3996-54D3-26AC-90CACF83096C}.Release|Win32.ActiveCfg = Release|Win32
		{3ED41B83-3996-54D3-26AC-90CACF83096C}.Release|Win32.Build.0 = Release|Win32
		{3ED41B83-3996-54D3-26AC-90CACF83096C}.Server Debug|Win32.ActiveCfg = Debug|Win32
		{3ED41B83-3996-54D3-26AC-90CACF83096C}.Server Debug|Win32.Build.0 = Debug|Win32
		{3ED41B83-3996-54D3-26AC-90CACF83096C}.Server Release|Win32.ActiveCfg = Release|Win32
		{3ED41B83-3996-54D3-26AC-90CACF83096C}.Server Release|Win32.Build.0 = Release|Win32
		{3ED41B83-3996-54D3-26AC-90CACF83096C}.Template|Win32.ActiveCfg = Template|Win32
		{3ED41B83-3996-54D3-26AC-90CACF83096C}.Template|Win32.Build.0 = Template|Win32
		{978BD0CB-41D2-8175-D777-CC0EE40C034E}.Client Debug|Win32.ActiveCfg = Debug|Win32
		{978BD0CB-41D2-8175-D777-CC0EE40C034E}.Client Debug|Win32.Build.0 = Debug|Win32
		{978BD0CB-41D2-8175-D777-CC0EE40C034E}.Client Release|Win32.ActiveCfg = Release|Win32
		{978BD0CB-41D2-8175-D777-CC0EE40C034E}.Client Release|Win32.Build.0 = Release|Win32
		{978BD0CB-41D2-8175-D777-CC0EE40C034E}.Debug|Win32.ActiveCfg = Debug|Win32
		{978BD0CB-41D2-8175-D777-CC0EE40C034E}.Debug|Win32.Build.0 = Debug|Win32
		{978BD0CB-41D2-8175-D777-CC0EE40C034E}.OuRead Release|Win32.ActiveCfg = Release|Win32
		{978BD0CB-41D2-8175-D777-CC0EE40C034E}.OuRead Release|Win32.Build.0 = Release|Win32
		{978BD0CB-41D2-8175-D777-CC0EE40C034E}.OutRead Debug|Win32.ActiveCfg = Debug|Win32
		{978BD0CB-41D2-8175-D777-CC0EE40C034E}.OutRead Debug|Win32.Build.0 = Debug|Win32
		{978BD0CB-41D2-8175-D777-CC0EE40C034E}.Release|Win32.ActiveCfg = Release|Win32
		{978BD0CB-41D2-8175-D777-CC0EE40C034E}.Release|Win32.Build.0 = Release|Win32
		{978BD0CB-41D2-8175-D777-CC0EE40C034E}.Server Debug|Win32.ActiveCfg = Debug|Win32
		{978BD0CB-41D2-8175-D777-CC0EE40C034E}.Server Debug|Win32.Build.0 = Debug|Win32
		{978BD0CB-41D2-8175-D777-CC0EE40C034E}.Server Release|Win32.ActiveCfg = Release|Win32
		{978BD0CB-41D2-8175-D777-CC0EE40C034E}.Server Release|Win32.Build.0 = Release|Win32
		{978BD0CB-41D2-8175-D777-CC0EE40C034E}.Template|Win32.ActiveCfg = Template|Win32
		{978BD0CB-41D2-8175-D777-CC0EE40C034E}.Template|Win32.Build.0 = Template|Win32
		{A56AA665-9AE6-A286-795C-5D59855D95A0}.Client Debug|Win32.ActiveCfg = Debug|Win32
		{A56AA665-9AE6-A286-795C-5D59855D95A0}.Client Debug|Win32.Build.0 = Debug|Win32
		{A56AA665-9AE6-A286-795C-5D59855D95A0}.Client Release|Win32.ActiveCfg = Release|Win32
		{A56AA665-9AE6-A286-795C-5D59855D95A0}.Client Release|Win32.Build.0 = Release|Win32
		{A56AA665-9AE6-A286-795C-5D59855D95A0}.Debug|Win32.ActiveCfg = Debug|Win32
		{A56AA665-9AE6-A286-795C-5D59855D95A0}.Debug|Win32.Build.0 = Debug|Win32
		{A56AA665-9AE6-A286-795C-5D59855D95A0}.OuRead Release|Win32.ActiveCfg = Release|Win32
		{A56AA665-9AE6-A286-795C-5D59855D95A0}.OuRead Release|Win32.Build.0 = Release|Win32
		{A56AA665-9AE6-A286-795C-5D59855D95A0}.OutRead Debug|Win32.ActiveCfg = Debug|Win32
		{A56AA665-9AE6-A286-795C-5D59855D95A0}.OutRead Debug|Win32.Build.0 = Debug|Win32
		{A56AA665-9AE6-A286-795C-5D59855D95A0}.Release|Win32.ActiveCfg = Release|Win32
		{A56AA665-9AE6-A286-795C-5D59855D95A0}.Release|Win32.Build.0 = Release|Win32
		{A56AA665-9AE6-A286-795C-5D59855D95A0}.Server Debug|Win32.ActiveCfg = Debug|Win32
		{A56AA665-9AE6-A286-795C-5D59855D95A0}.Server Debug|Win32.Build.0 = Debug|Win32
		{A56AA665-9AE6-A286-795C-5D59855D95A0}.Server Release|Win32.ActiveCfg = Release|Win32
		{A56AA665-9AE6-A286-795C-5D59855D95A0}.Server Release|Win32.Build.0 = Release|Win32
		{A56AA665-9AE6-A286-795C-5D59855D95A0}.Template|Win32.ActiveCfg = Template|Win32
		{A56AA665-9AE6-A286-795C-5D59855D95A0}.Template|Win32.Build.0 = Template|Win32
		{B5AB24A6-A4CC-D4FB-01DC-AB4203748C37}.Client Debug|Win32.ActiveCfg = Debug|Win32
		{B5AB24A6-A4CC-D4FB-01DC-AB4203748C37}.Client Debug|Win32.Build.0 = Debug|Win32
		{B5AB24A6-A4CC-D4FB-01DC-AB4203748C37}.Client Release|Win32.ActiveCfg = Release|Win32
		{B5AB24A6-A4CC-D4FB-01DC-AB4203748C37}.Client Release|Win32.Build.0 = Release|Win32
		{B5AB24A6-A4CC-D4FB-01DC-AB4203748C37}.Debug|Win32.ActiveCfg = Debug|Win32
		{B5AB24A6-A4CC-D4FB-01DC-AB4203748C37}.Debug|Win32.Build.0 = Debug|Win32
		{B5AB24A6-A4CC-D4FB-01DC-AB4203748C37}.OuRead Release|Win32.ActiveCfg = Release|Win32
		{B5AB24A6-A4CC-D4FB-01DC-AB4203748C37}.OuRead Release|Win32.Build.0 = Release|Win32
		{B5AB24A6-A4CC-D4FB-01DC-AB4203748C37}.OutRead Debug|Win32.ActiveCfg = Debug|Win32
		{B5AB24A6-A4CC-D4FB-01DC-AB4203748C37}.OutRead Debug|Win32.Build.0 = Debug|Win32
		{B5AB24A6-A4CC-D4FB-01DC-AB4203748C37}.Release|Win32.ActiveCfg = Release|Win32
		{B5AB24A6-A4CC-D4FB-01DC-AB4203748C37}.Release|Win32.Build.0 = Release|Win32
		{B5AB24A6-A4CC-D4FB-01DC-AB4203748C37}.Server Debug|Win32.ActiveCfg = Debug|Win32
		{B5AB24A6-A4CC-D4FB-01DC-AB4203748C37}.Server Debug|Win32.Build.0 = Debug|Win32
		{B5AB24A6-A4CC-D4FB-01DC-AB4203748C37}.Server Release|Win32.ActiveCfg = Release|Win32
		{B5AB24A6-A4CC-D4FB-01DC-AB4203748C37}.Server Release|Win32.Build.0 = Release|Win32
		{B5AB24A6-A4CC-D4FB-01DC-AB4203748C37}.Template|Win32.ActiveCfg = Template|Win32
		{B5AB24A6-A4CC-D4FB-01DC-AB4203748C37}.Template|Win32.Build.0 = Template|Win32
		{AC0549EF-9B7F-2DFB-7553-9928BFF11EAA}.Client Debug|Win32.ActiveCfg = Debug|Win32
		{AC0549EF-9B7F-2DFB-7553-9928BFF11EAA}.Client Debug|Win32.Build.0 = Debug|Win32
		{AC0549EF-9B7F-2DFB-7553-9928BFF11EAA}.Client Release|Win32.ActiveCfg = Release|Win32
		{AC0549EF-9B7F-2DFB-7553-9928BFF11EAA}.Client Release|Win32.Build.0 = Release|Win32
		{AC0549EF-9B7F-2DFB-7553-9928BFF11EAA}.Debug|Win32.ActiveCfg = Debug|Win32
		{AC0549EF-9B7F-2DFB-7553-9928BFF11EAA}.Debug|Win32.Build.0 = Debug|Win32
		{AC0549EF-9B7F-2DFB-7553-9928BFF11EAA}.OuRead Release|Win32.ActiveCfg = Release|Win32
		{AC0549EF-9B7F-2DFB-7553-9928BFF11EAA}.OuRead Release|Win32.Build.0 = Release|Win32
		{AC0549EF-9B7F-2DFB-7553-9928BFF11EAA}.OutRead Debug|Win32.ActiveCfg = Debug|Win32
		{AC0549EF-9B7F-2DFB-7553-9928BFF11EAA}.OutRead Debug|Win32.Build.0 = Debug|Win32
		{AC0549EF-9B7F-2DFB-7553-9928BFF11EAA}.Release|Win32.ActiveCfg = Release|Win32
		{AC0549EF-9B7F-2DFB-7553-9928BFF11EAA}.Release|Win32.Build.0 = Release|Win32
		{AC0549EF-9B7F-2DFB-7553-9928BFF11EAA}.Server Debug|Win32.ActiveCfg = Debug|Win32
		{AC0549EF-9B7F-2DFB-7553-9928BFF11EAA}.Server Debug|Win32.Build.0 = Debug|Win32
		{AC0549EF-9B7F-2DFB-7553-9928BFF11EAA}.Server Release|Win32.ActiveCfg = Release|Win32
		{AC0549EF-9B7F-2DFB-7553-9928BFF11EAA}.Server Release|Win32.Build.0 = Release|Win32
		{AC0549EF-9B7F-2DFB-7553-9928BFF11EAA}.Template|Win32.ActiveCfg = Template|Win32
		{AC0549EF-9B7F-2DFB-7553-9928BFF11EAA}.Template|Win32.Build.0 = Template|Win32
		{E673C82E-ECBE-1ADA-F51A-05631F772A69}.Client Debug|Win32.ActiveCfg = Debug|Win32
		{E673C82E-ECBE-1ADA-F51A-05631F772A69}.Client Debug|Win32.Build.0 = Debug|Win32
		{E673C82E-ECBE-1ADA-F51A-05631F772A69}.Client Release|Win32.ActiveCfg = Release|Win32
		{E673C82E-ECBE-1ADA-F51A-05631F772A69}.Client Release|Win32.Build.0 = Release|Win32
		{E673C82E-ECBE-1ADA-F51A-05631F772A69}.Debug|Win32.ActiveCfg = Debug|Win32
		{E673C82E-ECBE-1ADA-F51A-05631F772A69}.Debug|Win32.Build.0 = Debug|Win32
		{E673C82E-ECBE-1ADA-F51A-05631F772A69}.OuRead Release|Win32.ActiveCfg = Release|Win32
		{E673C82E-ECBE-1ADA-F51A-05631F772A69}.OuRead Release|Win32.Build.0 = Release|Win32
		{E673C82E-ECBE-1ADA-F51A-05631F772A69}.OutRead Debug|Win32.ActiveCfg = Debug|Win32
		{E673C82E-ECBE-1ADA-F51A-05631F772A69}.OutRead Debug|Win32.Build.0 = Debug|Win32
		{E673C82E-ECBE-1ADA-F51A-05631F772A69}.Release|Win32.ActiveCfg = Release|Win32
		{E673C82E-ECBE-1ADA-F51A-05631F772A69}.Release|Win32.Build.0 = Release|Win32
		{E673C82E-ECBE-1ADA-F51A-05631F772A69}.Server Debug|Win32.ActiveCfg = Debug|Win32
		{E673C82E-ECBE-1ADA-F51A-05631F772A69}.Server Debug|Win32.Build.0 = Debug|Win32
		{E673C82E-ECBE-1ADA-F51A-05631F772A69}.Server Release|Win32.ActiveCfg = Release|Win32
		{E673C82E-ECBE-1ADA-F51A-05631F772A69}.Server Release|Win32.Build.0 = Release|Win32
		{E673C82E-ECBE-1ADA-F51A-05631F772A69}.Template|Win32.ActiveCfg = Template|Win32
		{E673C82E-ECBE-1ADA-F51A-05631F772A69}.Template|Win32.Build.0 = Template|Win32
		{4E47DE6C-A6E1-1DEC-25E8-338808316FFB}.Client Debug|Win32.ActiveCfg = Debug|Win32
		{4E47DE6C-A6E1-1DEC-25E8-338808316FFB}.Client Debug|Win32.Build.0 = Debug|Win32
		{4E47DE6C-A6E1-1DEC-25E8-338808316FFB}.Client Release|Win32.ActiveCfg = Release|Win32
		{4E47DE6C-A6E1-1DEC-25E8-338808316FFB}.Client Release|Win32.Build.0 = Release|Win32
		{4E47DE6C-A6E1-1DEC-25E8-338808316FFB}.Debug|Win32.ActiveCfg = Debug|Win32
		{4E47DE6C-A6E1-1DEC-25E8-338808316FFB}.Debug|Win32.Build.0 = Debug|Win32
		{4E47DE6C-A6E1-1DEC-25E8-338808316FFB}.OuRead Release|Win32.ActiveCfg = Release|Win32
		{4E47DE6C-A6E1-1DEC-25E8-338808316FFB}.OuRead Release|Win32.Build.0 = Release|Win32
		{4E47DE6C-A6E1-1DEC-25E8-338808316FFB}.OutRead Debug|Win32.ActiveCfg = Debug|Win32
		{4E47DE6C-A6E1-1DEC-25E8-338808316FFB}.OutRead Debug|Win32.Build.0 = Debug|Win32
		{4E47DE6C-A6E1-1DEC-25E8-338808316FFB}.Release|Win32.ActiveCfg = Release|Win32
		{4E47DE6C-A6E1-1DEC-25E8-338808316FFB}.Release|Win32.Build.0 = Release|Win32
		{4E47DE6C-A6E1-1DEC-25E8-338808316FFB}.Server Debug|Win32.ActiveCfg = Debug|Win32
		{4E47DE6C-A6E1-1DEC-25E8-338808316FFB}.Server Debug|Win32.Build.0 = Debug|Win32
		{4E47DE6C-A6E1-1DEC-25E8-338808316FFB}.Server Release|Win32.ActiveCfg = Release|Win32
		{4E47DE6C-A6E1-1DEC-25E8-338808316FFB}.Server Release|Win32.Build.0 = Release|Win32
		{4E47DE6C-A6E1-1DEC-25E8-338808316FFB}.Template|Win32.ActiveCfg = Template|Win32
		{4E47DE6C-A6E1-1DEC-25E8-338808316FFB}.Template|Win32.Build.0 = Template|Win32
		{FCB5799E-D6F2-E39D-C0A5-88DC5787835C}.Client Debug|Win32.ActiveCfg = Debug|Win32
		{FCB5799E-D6F2-E39D-C0A5-88DC5787835C}.Client Debug|Win32.Build.0 = Debug|Win32
		{FCB5799E-D6F2-E39D-C0A5-88DC5787835C}.Client Release|Win32.ActiveCfg = Release|Win32
		{FCB5799E-D6F2-E39D-C0A5-88DC5787835C}.Client Release|Win32.Build.0 = Release|Win32
		{FCB5799E-D6F2-E39D-C0A5-88DC5787835C}.Debug|Win32.ActiveCfg = Debug|Win32
		{FCB5799E-D6F2-E39D-C0A5-88DC5787835C}.Debug|Win32.Build.0 = Debug|Win32
		{FCB5799E-D6F2-E39D-C0A5-88DC5787835C}.OuRead Release|Win32.ActiveCfg = Release|Win32
		{FCB5799E-D6F2-E39D-C0A5-88DC5787835C}.OuRead Release|Win32.Build.0 = Release|Win32
		{FCB5799E-D6F2-E39D-C0A5-88DC5787835C}.OutRead Debug|Win32.ActiveCfg = Debug|Win32
		{FCB5799E-D6F2-E39D-C0A5-88DC5787835C}.OutRead Debug|Win32.Build.0 = Debug|Win32
		{FCB5799E-D6F2-E39D-C0A5-88DC5787835C}.Release|Win32.ActiveCfg = Release|Win32
		{FCB5799E-D6F2-E39D-C0A5-88DC5787835C}.Release|Win32.Build.0 = Release|Win32
		{FCB5799E-D6F2-E39D-C0A5-88DC5787835C}.Server Debug|Win32.ActiveCfg = Debug|Win32
		{FCB5799E-D6F2-E39D-C0A5-88DC5787835C}.Server Debug|Win32.Build.0 = Debug|Win32
		{FCB5799E-D6F2-E39D-C0A5-88DC5787835C}.Server Release|Win32.ActiveCfg = Release|Win32
		{FCB5799E-D6F2-E39D-C0A5-88DC5787835C}.Server Release|Win32.Build.0 = Release|Win32
		{FCB5799E-D6F2-E39D-C0A5-88DC5787835C}.Template|Win32.ActiveCfg = Template|Win32
		{FCB5799E-D6F2-E39D-C0A5-88DC5787835C}.Template|Win32.Build.0 = Template|Win32
		{BBECDB85-36D4-18A4-97E1-A155A85F0D7F}.Client Debug|Win32.ActiveCfg = Debug|Win32
		{BBECDB85-36D4-18A4-97E1-A155A85F0D7F}.Client Debug|Win32.Build.0 = Debug|Win32
		{BBECDB85-36D4-18A4-97E1-A155A85F0D7F}.Client Release|Win32.ActiveCfg = Release|Win32
		{BBECDB85-36D4-18A4-97E1-A155A85F0D7F}.Client Release|Win32.Build.0 = Release|Win32
		{BBECDB85-36D4-18A4-97E1-A155A85F0D7F}.Debug|Win32.ActiveCfg = Debug|Win32
		{BBECDB85-36D4-18A4-97E1-A155A85F0D7F}.Debug|Win32.Build.0 = Debug|Win32
		{BBECDB85-36D4-18A4-97E1-A155A85F0D7F}.OuRead Release|Win32.ActiveCfg = Release|Win32
		{BBECDB85-36D4-18A4-97E1-A155A85F0D7F}.OuRead Release|Win32.Build.0 = Release|Win32
		{BBECDB85-36D4-18A4-97E1-A155A85F0D7F}.OutRead Debug|Win32.ActiveCfg = Debug|Win32
		{BBECDB85-36D4-18A4-97E1-A155A85F0D7F}.OutRead Debug|Win32.Build.0 = Debug|Win32
		{BBECDB85-36D4-18A4-97E1-A155A85F0D7F}.Release|Win32.ActiveCfg = Release|Win32
		{BBECDB85-36D4-18A4-97E1-A155A85F0D7F}.Release|Win32.Build.0 = Release|Win32
		{BBECDB85-36D4-18A4-97E1-A155A85F0D7F}.Server Debug|Win32.ActiveCfg = Debug|Win32
		{BBECDB85-36D4-18A4-97E1-A155A85F0D7F}.Server Debug|Win32.Build.0 = Debug|Win32
		{BBECDB85-36D4-18A4-97E1-A155A85F0D7F}.Server Release|Win32.ActiveCfg = Release|Win32
		{BBECDB85-36D4-18A4-97E1-A155A85F0D7F}.Server Release|Win32.Build.0 = Release|Win32
		{BBECDB85-36D4-18A4-97E1-A155A85F0D7F}.Template|Win32.ActiveCfg = Template|Win32
		{BBECDB85-36D4-18A4-97E1-A155A85F0D7F}.Template|Win32.Build.0 = Template|Win32
		{13D06A2E-74D9-2608-B014-1570EB656C30}.Client Debug|Win32.ActiveCfg = Debug|Win32
		{13D06A2E-74D9-2608-B014-1570EB656C30}.Client Debug|Win32.Build.0 = Debug|Win32
		{13D06A2E-74D9-2608-B014-1570EB656C30}.Client Release|Win32.ActiveCfg = Release|Win32
		{13D06A2E-74D9-2608-B014-1570EB656C30}.Client Release|Win32.Build.0 = Release|Win32
		{13D06A2E-74D9-2608-B014-1570EB656C30}.Debug|Win32.ActiveCfg = Debug|Win32
		{13D06A2E-74D9-2608-B014-1570EB656C30}.Debug|Win32.Build.0 = Debug|Win32
		{13D06A2E-74D9-2608-B014-1570EB656C30}.OuRead Release|Win32.ActiveCfg = Release|Win32
		{13D06A2E-74D9-2608-B014-1570EB656C30}.OuRead Release|Win32.Build.0 = Release|Win32
		{13D06A2E-74D9-2608-B014-1570EB656C30}.OutRead Debug|Win32.ActiveCfg = Debug|Win32
		{13D06A2E-74D9-2608-B014-1570EB656C30}.OutRead Debug|Win32.Build.0 = Debug|Win32
		{13D06A2E-74D9-2608-B014-1570EB656C30}.Release|Win32.ActiveCfg = Release|Win32
		{13D06A2E-74D9-2608-B014-1570EB656C30}.Release|Win32.Build.0 = Release|Win32
		{13D06A2E-74D9-2608-B014-1570EB656C30}.Server Debug|Win32.ActiveCfg = Debug|Win32
		{13D06A2E-74D9-2608-B014-1570EB656C30}.Server Debug|Win32.Build.0 = Debug|Win32
		{13D06A2E-74D9-2608-B014-1570EB656C30}.Server Release|Win32.ActiveCfg = Release|Win32
		{13D06A2E-74D9-2608-B014-1570EB656C30}.Server Release|Win32.Build.0 = Release|Win32
		{13D06A2E-74D9-2608-B014-1570EB656C30}.Template|Win32.ActiveCfg = Template|Win32
		{13D06A2E-74D9-2608-B014-1570EB656C30}.Template|Win32.Build.0 = Template|Win32
		{59BC6174-DF03-30CF-EDB2-C66D86510E55}.Client Debug|Win32.ActiveCfg = Debug|Win32
		{59BC6174-DF03-30CF-EDB2-C66D86510E55}.Client Debug|Win32.Build.0 = Debug|Win32
		{59BC6174-DF03-30CF-EDB2-C66D86510E55}.Client Release|Win32.ActiveCfg = Release|Win32
		{59BC6174-DF03-30CF-EDB2-C66D86510E55}.Client Release|Win32.Build.0 = Release|Win32
		{59BC6174-DF03-30CF-EDB2-C66D86510E55}.Debug|Win32.ActiveCfg = Debug|Win32
		{59BC6174-DF03-30CF-EDB2-C66D86510E55}.Debug|Win32.Build.0 = Debug|Win32
		{59BC6174-DF03-30CF-EDB2-C66D86510E55}.OuRead Release|Win32.ActiveCfg = Release|Win32
		{59BC6174-DF03-30CF-EDB2-C66D86510E55}.OuRead Release|Win32.Build.0 = Release|Win32
		{59BC6174-DF03-30CF-EDB2-C66D86510E55}.OutRead Debug|Win32.ActiveCfg = Debug|Win32
		{59BC6174-DF03-30CF-EDB2-C66D86510E55}.OutRead Debug|Win32.Build.0 = Debug|Win32
		{59BC6174-DF03-30CF-EDB2-C66D86510E55}.Release|Win32.ActiveCfg = Release|Win32
		{59BC6174-DF03-30CF-EDB2-C66D86510E55}.Release|Win32.Build.0 = Release|Win32
		{59BC6174-DF03-30CF-EDB2-C66D86510E55}.Server Debug|Win32.ActiveCfg = Debug|Win32
		{59BC6174-DF03-30CF-EDB2-C66D86510E55}.Server Debug|Win32.Build.0 = Debug|Win32
		{59BC6174-DF03-30CF-EDB2-C66D86510E55}.Server Release|Win32.ActiveCfg = Release|Win32
		{59BC6174-DF03-30CF-EDB2-C66D86510E55}.Server Release|Win32.Build.0 = Release|Win32
		{59BC6174-DF03-30CF-EDB2-C66D86510E55}.Template|Win32.ActiveCfg = Template|Win32
		{59BC6174-DF03-30CF-EDB2-C66D86510E55}.Template|Win32.Build.0 = Template|Win32
		{1CC2C808-7B4B-005C-2C06-D26FCD918B79}.Client Debug|Win32.ActiveCfg = Debug|Win32
		{1CC2C808-7B4B-005C-2C06-D26FCD918B79}.Client Debug|Win32.Build.0 = Debug|Win32
		{1CC2C808-7B4B-005C-2C06-D26FCD918B79}.Client Release|Win32.ActiveCfg = Release|Win32
		{1CC2C808-7B4B-005C-2C06-D26FCD918B79}.Client Release|Win32.Build.0 = Release|Win32
		{1CC2C808-7B4B-005C-2C06-D26FCD918B79}.Debug|Win32.ActiveCfg = Debug|Win32
		{1CC2C808-7B4B-005C-2C06-D26FCD918B79}.Debug|Win32.Build.0 = Debug|Win32
		{1CC2C808-7B4B-005C-2C06-D26FCD918B79}.OuRead Release|Win32.ActiveCfg = Release|Win32
		{1CC2C808-7B4B-005C-2C06-D26FCD918B79}.OuRead Release|Win32.Build.0 = Release|Win32
		{1CC2C808-7B4B-005C-2C06-D26FCD918B79}.OutRead Debug|Win32.ActiveCfg = Debug|Win32
		{1CC2C808-7B4B-005C-2C06-D26FCD918B79}.OutRead Debug|Win32.Build.0 = Debug|Win32
		{1CC2C808-7B4B-005C-2C06-D26FCD918B79}.Release|Win32.ActiveCfg = Release|Win32
		{1CC2C808-7B4B-005C-2C06-D26FCD918B79}.Release|Win32.Build.0 = Release|Win32
		{1CC2C808-7B4B-005C-2C06-D26FCD918B79}.Server Debug|Win32.ActiveCfg = Debug|Win32
		{1CC2C808-7B4B-005C-2C06-D26FCD918B79}.Server Debug|Win32.Build.0 = Debug|Win32
		{1CC2C808-7B4B-005C-2C06-D26FCD918B79}.Server Release|Win32.ActiveCfg = Release|Win32
		{1CC2C808-7B4B-005C-2C06-D26FCD918B79}.Server Release|Win32.Build.0 = Release|Win32
		{1CC2C808-7B4B-005C-2C06-D26FCD918B79}.Template|Win32.ActiveCfg = Template|Win32
		{1CC2C808-7B4B-005C-2C06-D26FCD918B79}.Template|Win32.Build.0 = Template|Win32
		{A27D6D86-FBD5-1992-0ABC-0675DA76CFBE}.Client Debug|Win32.ActiveCfg = Debug|Win32
		{A27D6D86-FBD5-1992-0ABC-0675DA76CFBE}.Client Debug|Win32.Build.0 = Debug|Win32
		{A27D6D86-FBD5-1992-0ABC-0675DA76CFBE}.Client Release|Win32.ActiveCfg = Release|Win32
		{A27D6D86-FBD5-1992-0ABC-0675DA76CFBE}.Client Release|Win32.Build.0 = Release|Win32
		{A27D6D86-FBD5-1992-0ABC-0675DA76CFBE}.Debug|Win32.ActiveCfg = Debug|Win32
		{A27D6D86-FBD5-1992-0ABC-0675DA76CFBE}.Debug|Win32.Build.0 = Debug|Win32
		{A27D6D86-FBD5-1992-0ABC-0675DA76CFBE}.OuRead Release|Win32.ActiveCfg = Release|Win32
		{A27D6D86-FBD5-1992-0ABC-0675DA76CFBE}.OuRead Release|Win32.Build.0 = Release|Win32
		{A27D6D86-FBD5-1992-0ABC-0675DA76CFBE}.OutRead Debug|Win32.ActiveCfg = Debug|Win32
		{A27D6D86-FBD5-1992-0ABC-0675DA76CFBE}.OutRead Debug|Win32.Build.0 = Debug|Win32
		{A27D6D86-FBD5-1992-0ABC-0675DA76CFBE}.Release|Win32.ActiveCfg = Release|Win32
		{A27D6D86-FBD5-1992-0ABC-0675DA76CFBE}.Release|Win32.Build.0 = Release|Win32
		{A27D6D86-FBD5-1992-0ABC-0675DA76CFBE}.Server Debug|Win32.ActiveCfg = Debug|Win32
		{A27D6D86-FBD5-1992-0ABC-0675DA76CFBE}.Server Debug|Win32.Build.0 = Debug|Win32
		{A27D6D86-FBD5-1992-0ABC-0675DA76CFBE}.Server Release|Win32.ActiveCfg = Release|Win32
		{A27D6D86-FBD5-1992-0ABC-0675DA76CFBE}.Server Release|Win32.Build.0 = Release|Win32
		{A27D6D86-FBD5-1992-0ABC-0675DA76CFBE}.Template|Win32.ActiveCfg = Template|Win32
		{A27D6D86-FBD5-1992-0ABC-0675DA76CFBE}.Template|Win32.Build.0 = Template|Win32
		{3DDAFF39-A3A8-441A-D465-EEBE704578AF}.Client Debug|Win32.ActiveCfg = Debug|Win32
		{3DDAFF39-A3A8-441A-D465-EEBE704578AF}.Client Debug|Win32.Build.0 = Debug|Win32
		{3DDAFF39-A3A8-441A-D465-EEBE704578AF}.Client Release|Win32.ActiveCfg = Release|Win32
		{3DDAFF39-A3A8-441A-D465-EEBE704578AF}.Client Release|Win32.Build.0 = Release|Win32
		{3DDAFF39-A3A8-441A-D465-EEBE704578AF}.Debug|Win32.ActiveCfg = Debug|Win32
		{3DDAFF39-A3A8-441A-D465-EEBE704578AF}.Debug|Win32.Build.0 = Debug|Win32
		{3DDAFF39-A3A8-441A-D465-EEBE704578AF}.OuRead Release|Win32.ActiveCfg = Release|Win32
		{3DDAFF39-A3A8-441A-D465-EEBE704578AF}.OuRead Release|Win32.Build.0 = Release|Win32
		{3DDAFF39-A3A8-441A-D465-EEBE704578AF}.OutRead Debug|Win32.ActiveCfg = Debug|Win32
		{3DDAFF39-A3A8-441A-D465-EEBE704578AF}.OutRead Debug|Win32.Build.0 = Debug|Win32
		{3DDAFF39-A3A8-441A-D465-EEBE704578AF}.Release|Win32.ActiveCfg = Release|Win32
		{3DDAFF39-A3A8-441A-D465-EEBE704578AF}.Release|Win32.Build.0 = Release|Win32
		{3DDAFF39-A3A8-441A-D465-EEBE704578AF}.Server Debug|Win32.ActiveCfg = Debug|Win32
		{3DDAFF39-A3A8-441A-D465-EEBE704578AF}.Server Debug|Win32.Build.0 = Debug|Win32
		{3DDAFF39-A3A8-441A-D465-EEBE704578AF}.Server Release|Win32.ActiveCfg = Release|Win32
		{3DDAFF39-A3A8-441A-D465-EEBE704578AF}.Server Release|Win32.Build.0 = Release|Win32
		{3DDAFF39-A3A8-441A-D465-EEBE704578AF}.Template|Win32.ActiveCfg = Template|Win32
		{3DDAFF39-A3A8-441A-D465-EEBE704578AF}.Template|Win32.Build.0 = Template|Win32
		{2661963B-4729-681D-FA7A-40A1B852C284}.Client Debug|Win32.ActiveCfg = Debug|Win32
		{2661963B-4729-681D-FA7A-40A1B852C284}.Client Debug|Win32.Build.0 = Debug|Win32
		{2661963B-4729-681D-FA7A-40A1B852C284}.Client Release|Win32.ActiveCfg = Release|Win32
		{2661963B-4729-681D-FA7A-40A1B852C284}.Client Release|Win32.Build.0 = Release|Win32
		{2661963B-4729-681D-FA7A-40A1B852C284}.Debug|Win32.ActiveCfg = Debug|Win32
		{2661963B-4729-681D-FA7A-40A1B852C284}.Debug|Win32.Build.0 = Debug|Win32
		{2661963B-4729-681D-FA7A-40A1B852C284}.OuRead Release|Win32.ActiveCfg = Release|Win32
		{2661963B-4729-681D-FA7A-40A1B852C284}.OuRead Release|Win32.Build.0 = Release|Win32
		{2661963B-4729-681D-FA7A-40A1B852C284}.OutRead Debug|Win32.ActiveCfg = Debug|Win32
		{2661963B-4729-681D-FA7A-40A1B852C284}.OutRead Debug|Win32.Build.0 = Debug|Win32
		{2661963B-4729-681D-FA7A-40A1B852C284}.Release|Win32.ActiveCfg = Release|Win32
		{2661963B-4729-681D-FA7A-40A1B852C284}.Release|Win32.Build.0 = Release|Win32
		{2661963B-4729-681D-FA7A-40A1B852C284}.Server Debug|Win32.ActiveCfg = Debug|Win32
		{2661963B-4729-681D-FA7A-40A1B852C284}.Server Debug|Win32.Build.0 = Debug|Win32
		{2661963B-4729-681D-FA7A-40A1B852C284}.Server Release|Win32.ActiveCfg = Release|Win32
		{2661963B-4729-681D-FA7A-40A1B852C284}.Server Release|Win32.Build.0 = Release|Win32
		{2661963B-4729-681D-FA7A-40A1B852C284}.Template|Win32.ActiveCfg = Template|Win32
		{2661963B-4729-681D-FA7A-40A1B852C284}.Template|Win32.Build.0 = Template|Win32
		{59AF45D8-C50A-43B3-99AA-F4525ED1A4FC}.Client Debug|Win32.ActiveCfg = Debug|Win32
		{59AF45D8-C50A-43B3-99AA-F4525ED1A4FC}.Client Debug|Win32.Build.0 = Debug|Win32
		{59AF45D8-C50A-43B3-99AA-F4525ED1A4FC}.Client Release|Win32.ActiveCfg = Release|Win32
		{59AF45D8-C50A-43B3-99AA-F4525ED1A4FC}.Client Release|Win32.Build.0 = Release|Win32
		{59AF45D8-C50A-43B3-99AA-F4525ED1A4FC}.Debug|Win32.ActiveCfg = Debug|Win32
		{59AF45D8-C50A-43B3-99AA-F4525ED1A4FC}.Debug|Win32.Build.0 = Debug|Win32
		{59AF45D8-C50A-43B3-99AA-F4525ED1A4FC}.OuRead Release|Win32.ActiveCfg = Release|Win32
		{59AF45D8-C50A-43B3-99AA-F4525ED1A4FC}.OuRead Release|Win32.Build.0 = Release|Win32
		{59AF45D8-C50A-43B3-99AA-F4525ED1A4FC}.OutRead Debug|Win32.ActiveCfg = Debug|Win32
		{59AF45D8-C50A-43B3-99AA-F4525ED1A4FC}.OutRead Debug|Win32.Build.0 = Debug|Win32
		{59AF45D8-C50A-43B3-99AA-F4525ED1A4FC}.Release|Win32.ActiveCfg = Release|Win32
		{59AF45D8-C50A-43B3-99AA-F4525ED1A4FC}.Release|Win32.Build.0 = Release|Win32
		{59AF45D8-C50A-43B3-99AA-F4525ED1A4FC}.Server Debug|Win32.ActiveCfg = Debug|Win32
		{59AF45D8-C50A-43B3-99AA-F4525ED1A4FC}.Server Debug|Win32.Build.0 = Debug|Win32
		{59AF45D8-C50A-43B3-99AA-F4525ED1A4FC}.Server Release|Win32.ActiveCfg = Release|Win32
		{59AF45D8-C50A-43B3-99AA-F4525ED1A4FC}.Server Release|Win32.Build.0 = Release|Win32
		{59AF45D8-C50A-43B3-99AA-F4525ED1A4FC}.Template|Win32.ActiveCfg = Debug|Win32
		{59AF45D8-C50A-43B3-99AA-F4525ED1A4FC}.Template|Win32.Build.0 = Debug|Win32
		{4BA013A1-2FCF-49D5-9E6A-7D6F62C59B6B}.Client Debug|Win32.ActiveCfg = Debug|Win32
		{4BA013A1-2FCF-49D5-9E6A-7D6F62C59B6B}.Client Debug|Win32.Build.0 = Debug|Win32
		{4BA013A1-2FCF-49D5-9E6A-7D6F62C59B6B}.Client Release|Win32.ActiveCfg = Release|Win32
		{4BA013A1-2FCF-49D5-9E6A-7D6F62C59B6B}.Client Release|Win32.Build.0 = Release|Win32
		{4BA013A1-2FCF-49D5-9E6A-7D6F62C59B6B}.Debug|Win32.ActiveCfg = Debug|Win32
		{4BA013A1-2FCF-49D5-9E6A-7D6F62C59B6B}.Debug|Win32.Build.0 = Debug|Win32
		{4BA013A1-2FCF-49D5-9E6A-7D6F62C59B6B}.OuRead Release|Win32.ActiveCfg = Release|Win32
		{4BA013A1-2FCF-49D5-9E6A-7D6F62C59B6B}.OuRead Release|Win32.Build.0 = Release|Win32
		{4BA013A1-2FCF-49D5-9E6A-7D6F62C59B6B}.OutRead Debug|Win32.ActiveCfg = Debug|Win32
		{4BA013A1-2FCF-49D5-9E6A-7D6F62C59B6B}.OutRead Debug|Win32.Build.0 = Debug|Win32
		{4BA013A1-2FCF-49D5-9E6A-7D6F62C59B6B}.Release|Win32.ActiveCfg = Release|Win32
		{4BA013A1-2FCF-49D5-9E6A-7D6F62C59B6B}.Release|Win32.Build.0 = Release|Win32
		{4BA013A1-2FCF-49D5-9E6A-7D6F62C59B6B}.Server Debug|Win32.ActiveCfg = Debug|Win32
		{4BA013A1-2FCF-49D5-9E6A-7D6F62C59B6B}.Server Debug|Win32.Build.0 = Debug|Win32
		{4BA013A1-2FCF-49D5-9E6A-7D6F62C59B6B}.Server Release|Win32.ActiveCfg = Release|Win32
		{4BA013A1-2FCF-49D5-9E6A-7D6F62C59B6B}.Server Release|Win32.Build.0 = Release|Win32
		{4BA013A1-2FCF-49D5-9E6A-7D6F62C59B6B}.Template|Win32.ActiveCfg = Debug|Win32
		{4BA013A1-2FCF-49D5-9E6A-7D6F62C59B6B}.Template|Win32.Build.0 = Debug|Win32
	EndGlobalSection
	GlobalSection(SolutionProperties) = preSolution
		HideSolutionNode = FALSE
	EndGlobalSection
	GlobalSection(ExtensibilityGlobals) = postSolution
		SolutionGuid = {6E92E8A3-5EE7-44E3-9DCF-4980241D8477}
	EndGlobalSection
EndGlobal
